// !$*UTF8*$!
{
	archiveVersion = 1;
	classes = {
	};
	objectVersion = 50;
	objects = {

/* Begin PBXBuildFile section */
		D991367C25D8311E00D92481 /* AppDelegate.swift in Sources */ = {isa = PBXBuildFile; fileRef = D991367B25D8311E00D92481 /* AppDelegate.swift */; };
		D991367E25D8311E00D92481 /* SceneDelegate.swift in Sources */ = {isa = PBXBuildFile; fileRef = D991367D25D8311E00D92481 /* SceneDelegate.swift */; };
		D991368025D8311E00D92481 /* ViewController.swift in Sources */ = {isa = PBXBuildFile; fileRef = D991367F25D8311E00D92481 /* ViewController.swift */; };
		D991368325D8311E00D92481 /* Main.storyboard in Resources */ = {isa = PBXBuildFile; fileRef = D991368125D8311E00D92481 /* Main.storyboard */; };
		D991368525D8312300D92481 /* Assets.xcassets in Resources */ = {isa = PBXBuildFile; fileRef = D991368425D8312300D92481 /* Assets.xcassets */; };
		D991368825D8312300D92481 /* LaunchScreen.storyboard in Resources */ = {isa = PBXBuildFile; fileRef = D991368625D8312300D92481 /* LaunchScreen.storyboard */; };
		D991369325D8312400D92481 /* BigCatTests.swift in Sources */ = {isa = PBXBuildFile; fileRef = D991369225D8312400D92481 /* BigCatTests.swift */; };
		D991369E25D8312400D92481 /* BigCatUITests.swift in Sources */ = {isa = PBXBuildFile; fileRef = D991369D25D8312400D92481 /* BigCatUITests.swift */; };
/* End PBXBuildFile section */

/* Begin PBXContainerItemProxy section */
		D991368F25D8312400D92481 /* PBXContainerItemProxy */ = {
			isa = PBXContainerItemProxy;
			containerPortal = D991367025D8311E00D92481 /* Project object */;
			proxyType = 1;
			remoteGlobalIDString = D991367725D8311E00D92481;
			remoteInfo = BigCat;
		};
		D991369A25D8312400D92481 /* PBXContainerItemProxy */ = {
			isa = PBXContainerItemProxy;
			containerPortal = D991367025D8311E00D92481 /* Project object */;
			proxyType = 1;
			remoteGlobalIDString = D991367725D8311E00D92481;
			remoteInfo = BigCat;
		};
/* End PBXContainerItemProxy section */

/* Begin PBXFileReference section */
		D991367825D8311E00D92481 /* BigCat.app */ = {isa = PBXFileReference; explicitFileType = wrapper.application; includeInIndex = 0; path = BigCat.app; sourceTree = BUILT_PRODUCTS_DIR; };
		D991367B25D8311E00D92481 /* AppDelegate.swift */ = {isa = PBXFileReference; lastKnownFileType = sourcecode.swift; path = AppDelegate.swift; sourceTree = "<group>"; };
		D991367D25D8311E00D92481 /* SceneDelegate.swift */ = {isa = PBXFileReference; lastKnownFileType = sourcecode.swift; path = SceneDelegate.swift; sourceTree = "<group>"; };
		D991367F25D8311E00D92481 /* ViewController.swift */ = {isa = PBXFileReference; lastKnownFileType = sourcecode.swift; path = ViewController.swift; sourceTree = "<group>"; };
		D991368225D8311E00D92481 /* Base */ = {isa = PBXFileReference; lastKnownFileType = file.storyboard; name = Base; path = Base.lproj/Main.storyboard; sourceTree = "<group>"; };
		D991368425D8312300D92481 /* Assets.xcassets */ = {isa = PBXFileReference; lastKnownFileType = folder.assetcatalog; path = Assets.xcassets; sourceTree = "<group>"; };
		D991368725D8312300D92481 /* Base */ = {isa = PBXFileReference; lastKnownFileType = file.storyboard; name = Base; path = Base.lproj/LaunchScreen.storyboard; sourceTree = "<group>"; };
		D991368925D8312300D92481 /* Info.plist */ = {isa = PBXFileReference; lastKnownFileType = text.plist.xml; path = Info.plist; sourceTree = "<group>"; };
		D991368E25D8312400D92481 /* BigCatTests.xctest */ = {isa = PBXFileReference; explicitFileType = wrapper.cfbundle; includeInIndex = 0; path = BigCatTests.xctest; sourceTree = BUILT_PRODUCTS_DIR; };
		D991369225D8312400D92481 /* BigCatTests.swift */ = {isa = PBXFileReference; lastKnownFileType = sourcecode.swift; path = BigCatTests.swift; sourceTree = "<group>"; };
		D991369425D8312400D92481 /* Info.plist */ = {isa = PBXFileReference; lastKnownFileType = text.plist.xml; path = Info.plist; sourceTree = "<group>"; };
		D991369925D8312400D92481 /* BigCatUITests.xctest */ = {isa = PBXFileReference; explicitFileType = wrapper.cfbundle; includeInIndex = 0; path = BigCatUITests.xctest; sourceTree = BUILT_PRODUCTS_DIR; };
		D991369D25D8312400D92481 /* BigCatUITests.swift */ = {isa = PBXFileReference; lastKnownFileType = sourcecode.swift; path = BigCatUITests.swift; sourceTree = "<group>"; };
		D991369F25D8312400D92481 /* Info.plist */ = {isa = PBXFileReference; lastKnownFileType = text.plist.xml; path = Info.plist; sourceTree = "<group>"; };
/* End PBXFileReference section */

/* Begin PBXFrameworksBuildPhase section */
		D991367525D8311E00D92481 /* Frameworks */ = {
			isa = PBXFrameworksBuildPhase;
			buildActionMask = 2147483647;
			files = (
			);
			runOnlyForDeploymentPostprocessing = 0;
		};
		D991368B25D8312400D92481 /* Frameworks */ = {
			isa = PBXFrameworksBuildPhase;
			buildActionMask = 2147483647;
			files = (
			);
			runOnlyForDeploymentPostprocessing = 0;
		};
		D991369625D8312400D92481 /* Frameworks */ = {
			isa = PBXFrameworksBuildPhase;
			buildActionMask = 2147483647;
			files = (
			);
			runOnlyForDeploymentPostprocessing = 0;
		};
/* End PBXFrameworksBuildPhase section */

/* Begin PBXGroup section */
		D991366F25D8311E00D92481 = {
			isa = PBXGroup;
			children = (
				D991367A25D8311E00D92481 /* BigCat */,
				D991369125D8312400D92481 /* BigCatTests */,
				D991369C25D8312400D92481 /* BigCatUITests */,
				D991367925D8311E00D92481 /* Products */,
			);
			sourceTree = "<group>";
		};
		D991367925D8311E00D92481 /* Products */ = {
			isa = PBXGroup;
			children = (
				D991367825D8311E00D92481 /* BigCat.app */,
				D991368E25D8312400D92481 /* BigCatTests.xctest */,
				D991369925D8312400D92481 /* BigCatUITests.xctest */,
			);
			name = Products;
			sourceTree = "<group>";
		};
		D991367A25D8311E00D92481 /* BigCat */ = {
			isa = PBXGroup;
			children = (
				D991367B25D8311E00D92481 /* AppDelegate.swift */,
				D991367D25D8311E00D92481 /* SceneDelegate.swift */,
				D991367F25D8311E00D92481 /* ViewController.swift */,
				D991368125D8311E00D92481 /* Main.storyboard */,
				D991368425D8312300D92481 /* Assets.xcassets */,
				D991368625D8312300D92481 /* LaunchScreen.storyboard */,
				D991368925D8312300D92481 /* Info.plist */,
			);
			path = BigCat;
			sourceTree = "<group>";
		};
		D991369125D8312400D92481 /* BigCatTests */ = {
			isa = PBXGroup;
			children = (
				D991369225D8312400D92481 /* BigCatTests.swift */,
				D991369425D8312400D92481 /* Info.plist */,
			);
			path = BigCatTests;
			sourceTree = "<group>";
		};
		D991369C25D8312400D92481 /* BigCatUITests */ = {
			isa = PBXGroup;
			children = (
				D991369D25D8312400D92481 /* BigCatUITests.swift */,
				D991369F25D8312400D92481 /* Info.plist */,
			);
			path = BigCatUITests;
			sourceTree = "<group>";
		};
/* End PBXGroup section */

/* Begin PBXNativeTarget section */
		D991367725D8311E00D92481 /* BigCat */ = {
			isa = PBXNativeTarget;
			buildConfigurationList = D99136A225D8312400D92481 /* Build configuration list for PBXNativeTarget "BigCat" */;
			buildPhases = (
				D991367425D8311E00D92481 /* Sources */,
				D991367525D8311E00D92481 /* Frameworks */,
				D991367625D8311E00D92481 /* Resources */,
			);
			buildRules = (
			);
			dependencies = (
			);
			name = BigCat;
			productName = BigCat;
			productReference = D991367825D8311E00D92481 /* BigCat.app */;
			productType = "com.apple.product-type.application";
		};
		D991368D25D8312400D92481 /* BigCatTests */ = {
			isa = PBXNativeTarget;
			buildConfigurationList = D99136A525D8312400D92481 /* Build configuration list for PBXNativeTarget "BigCatTests" */;
			buildPhases = (
				D991368A25D8312400D92481 /* Sources */,
				D991368B25D8312400D92481 /* Frameworks */,
				D991368C25D8312400D92481 /* Resources */,
			);
			buildRules = (
			);
			dependencies = (
				D991369025D8312400D92481 /* PBXTargetDependency */,
			);
			name = BigCatTests;
			productName = BigCatTests;
			productReference = D991368E25D8312400D92481 /* BigCatTests.xctest */;
			productType = "com.apple.product-type.bundle.unit-test";
		};
		D991369825D8312400D92481 /* BigCatUITests */ = {
			isa = PBXNativeTarget;
			buildConfigurationList = D99136A825D8312400D92481 /* Build configuration list for PBXNativeTarget "BigCatUITests" */;
			buildPhases = (
				D991369525D8312400D92481 /* Sources */,
				D991369625D8312400D92481 /* Frameworks */,
				D991369725D8312400D92481 /* Resources */,
			);
			buildRules = (
			);
			dependencies = (
				D991369B25D8312400D92481 /* PBXTargetDependency */,
			);
			name = BigCatUITests;
			productName = BigCatUITests;
			productReference = D991369925D8312400D92481 /* BigCatUITests.xctest */;
			productType = "com.apple.product-type.bundle.ui-testing";
		};
/* End PBXNativeTarget section */

/* Begin PBXProject section */
		D991367025D8311E00D92481 /* Project object */ = {
			isa = PBXProject;
			attributes = {
				LastSwiftUpdateCheck = 1200;
				LastUpgradeCheck = 1200;
				TargetAttributes = {
					D991367725D8311E00D92481 = {
						CreatedOnToolsVersion = 12.0.1;
					};
					D991368D25D8312400D92481 = {
						CreatedOnToolsVersion = 12.0.1;
						TestTargetID = D991367725D8311E00D92481;
					};
					D991369825D8312400D92481 = {
						CreatedOnToolsVersion = 12.0.1;
						TestTargetID = D991367725D8311E00D92481;
					};
				};
			};
			buildConfigurationList = D991367325D8311E00D92481 /* Build configuration list for PBXProject "BigCat" */;
			compatibilityVersion = "Xcode 9.3";
			developmentRegion = en;
			hasScannedForEncodings = 0;
			knownRegions = (
				en,
				Base,
			);
			mainGroup = D991366F25D8311E00D92481;
			productRefGroup = D991367925D8311E00D92481 /* Products */;
			projectDirPath = "";
			projectRoot = "";
			targets = (
				D991367725D8311E00D92481 /* BigCat */,
				D991368D25D8312400D92481 /* BigCatTests */,
				D991369825D8312400D92481 /* BigCatUITests */,
			);
		};
/* End PBXProject section */

/* Begin PBXResourcesBuildPhase section */
		D991367625D8311E00D92481 /* Resources */ = {
			isa = PBXResourcesBuildPhase;
			buildActionMask = 2147483647;
			files = (
				D991368825D8312300D92481 /* LaunchScreen.storyboard in Resources */,
				D991368525D8312300D92481 /* Assets.xcassets in Resources */,
				D991368325D8311E00D92481 /* Main.storyboard in Resources */,
			);
			runOnlyForDeploymentPostprocessing = 0;
		};
		D991368C25D8312400D92481 /* Resources */ = {
			isa = PBXResourcesBuildPhase;
			buildActionMask = 2147483647;
			files = (
			);
			runOnlyForDeploymentPostprocessing = 0;
		};
		D991369725D8312400D92481 /* Resources */ = {
			isa = PBXResourcesBuildPhase;
			buildActionMask = 2147483647;
			files = (
			);
			runOnlyForDeploymentPostprocessing = 0;
		};
/* End PBXResourcesBuildPhase section */

/* Begin PBXSourcesBuildPhase section */
		D991367425D8311E00D92481 /* Sources */ = {
			isa = PBXSourcesBuildPhase;
			buildActionMask = 2147483647;
			files = (
				D991368025D8311E00D92481 /* ViewController.swift in Sources */,
				D991367C25D8311E00D92481 /* AppDelegate.swift in Sources */,
				D991367E25D8311E00D92481 /* SceneDelegate.swift in Sources */,
			);
			runOnlyForDeploymentPostprocessing = 0;
		};
		D991368A25D8312400D92481 /* Sources */ = {
			isa = PBXSourcesBuildPhase;
			buildActionMask = 2147483647;
			files = (
				D991369325D8312400D92481 /* BigCatTests.swift in Sources */,
			);
			runOnlyForDeploymentPostprocessing = 0;
		};
		D991369525D8312400D92481 /* Sources */ = {
			isa = PBXSourcesBuildPhase;
			buildActionMask = 2147483647;
			files = (
				D991369E25D8312400D92481 /* BigCatUITests.swift in Sources */,
			);
			runOnlyForDeploymentPostprocessing = 0;
		};
/* End PBXSourcesBuildPhase section */

/* Begin PBXTargetDependency section */
		D991369025D8312400D92481 /* PBXTargetDependency */ = {
			isa = PBXTargetDependency;
			target = D991367725D8311E00D92481 /* BigCat */;
			targetProxy = D991368F25D8312400D92481 /* PBXContainerItemProxy */;
		};
		D991369B25D8312400D92481 /* PBXTargetDependency */ = {
			isa = PBXTargetDependency;
			target = D991367725D8311E00D92481 /* BigCat */;
			targetProxy = D991369A25D8312400D92481 /* PBXContainerItemProxy */;
		};
/* End PBXTargetDependency section */

/* Begin PBXVariantGroup section */
		D991368125D8311E00D92481 /* Main.storyboard */ = {
			isa = PBXVariantGroup;
			children = (
				D991368225D8311E00D92481 /* Base */,
			);
			name = Main.storyboard;
			sourceTree = "<group>";
		};
		D991368625D8312300D92481 /* LaunchScreen.storyboard */ = {
			isa = PBXVariantGroup;
			children = (
				D991368725D8312300D92481 /* Base */,
			);
			name = LaunchScreen.storyboard;
			sourceTree = "<group>";
		};
/* End PBXVariantGroup section */

/* Begin XCBuildConfiguration section */
		D99136A025D8312400D92481 /* Debug */ = {
			isa = XCBuildConfiguration;
			buildSettings = {
				ALWAYS_SEARCH_USER_PATHS = NO;
				CLANG_ANALYZER_NONNULL = YES;
				CLANG_ANALYZER_NUMBER_OBJECT_CONVERSION = YES_AGGRESSIVE;
				CLANG_CXX_LANGUAGE_STANDARD = "gnu++14";
				CLANG_CXX_LIBRARY = "libc++";
				CLANG_ENABLE_MODULES = YES;
				CLANG_ENABLE_OBJC_ARC = YES;
				CLANG_ENABLE_OBJC_WEAK = YES;
				CLANG_WARN_BLOCK_CAPTURE_AUTORELEASING = YES;
				CLANG_WARN_BOOL_CONVERSION = YES;
				CLANG_WARN_COMMA = YES;
				CLANG_WARN_CONSTANT_CONVERSION = YES;
				CLANG_WARN_DEPRECATED_OBJC_IMPLEMENTATIONS = YES;
				CLANG_WARN_DIRECT_OBJC_ISA_USAGE = YES_ERROR;
				CLANG_WARN_DOCUMENTATION_COMMENTS = YES;
				CLANG_WARN_EMPTY_BODY = YES;
				CLANG_WARN_ENUM_CONVERSION = YES;
				CLANG_WARN_INFINITE_RECURSION = YES;
				CLANG_WARN_INT_CONVERSION = YES;
				CLANG_WARN_NON_LITERAL_NULL_CONVERSION = YES;
				CLANG_WARN_OBJC_IMPLICIT_RETAIN_SELF = YES;
				CLANG_WARN_OBJC_LITERAL_CONVERSION = YES;
				CLANG_WARN_OBJC_ROOT_CLASS = YES_ERROR;
				CLANG_WARN_QUOTED_INCLUDE_IN_FRAMEWORK_HEADER = YES;
				CLANG_WARN_RANGE_LOOP_ANALYSIS = YES;
				CLANG_WARN_STRICT_PROTOTYPES = YES;
				CLANG_WARN_SUSPICIOUS_MOVE = YES;
				CLANG_WARN_UNGUARDED_AVAILABILITY = YES_AGGRESSIVE;
				CLANG_WARN_UNREACHABLE_CODE = YES;
				CLANG_WARN__DUPLICATE_METHOD_MATCH = YES;
				COPY_PHASE_STRIP = NO;
				DEBUG_INFORMATION_FORMAT = dwarf;
				ENABLE_STRICT_OBJC_MSGSEND = YES;
				ENABLE_TESTABILITY = YES;
				GCC_C_LANGUAGE_STANDARD = gnu11;
				GCC_DYNAMIC_NO_PIC = NO;
				GCC_NO_COMMON_BLOCKS = YES;
				GCC_OPTIMIZATION_LEVEL = 0;
				GCC_PREPROCESSOR_DEFINITIONS = (
					"DEBUG=1",
					"$(inherited)",
				);
				GCC_WARN_64_TO_32_BIT_CONVERSION = YES;
				GCC_WARN_ABOUT_RETURN_TYPE = YES_ERROR;
				GCC_WARN_UNDECLARED_SELECTOR = YES;
				GCC_WARN_UNINITIALIZED_AUTOS = YES_AGGRESSIVE;
				GCC_WARN_UNUSED_FUNCTION = YES;
				GCC_WARN_UNUSED_VARIABLE = YES;
				IPHONEOS_DEPLOYMENT_TARGET = 14.0;
				MTL_ENABLE_DEBUG_INFO = INCLUDE_SOURCE;
				MTL_FAST_MATH = YES;
				ONLY_ACTIVE_ARCH = YES;
				SDKROOT = iphoneos;
				SWIFT_ACTIVE_COMPILATION_CONDITIONS = DEBUG;
				SWIFT_OPTIMIZATION_LEVEL = "-Onone";
			};
			name = Debug;
		};
		D99136A125D8312400D92481 /* Release */ = {
			isa = XCBuildConfiguration;
			buildSettings = {
				ALWAYS_SEARCH_USER_PATHS = NO;
				CLANG_ANALYZER_NONNULL = YES;
				CLANG_ANALYZER_NUMBER_OBJECT_CONVERSION = YES_AGGRESSIVE;
				CLANG_CXX_LANGUAGE_STANDARD = "gnu++14";
				CLANG_CXX_LIBRARY = "libc++";
				CLANG_ENABLE_MODULES = YES;
				CLANG_ENABLE_OBJC_ARC = YES;
				CLANG_ENABLE_OBJC_WEAK = YES;
				CLANG_WARN_BLOCK_CAPTURE_AUTORELEASING = YES;
				CLANG_WARN_BOOL_CONVERSION = YES;
				CLANG_WARN_COMMA = YES;
				CLANG_WARN_CONSTANT_CONVERSION = YES;
				CLANG_WARN_DEPRECATED_OBJC_IMPLEMENTATIONS = YES;
				CLANG_WARN_DIRECT_OBJC_ISA_USAGE = YES_ERROR;
				CLANG_WARN_DOCUMENTATION_COMMENTS = YES;
				CLANG_WARN_EMPTY_BODY = YES;
				CLANG_WARN_ENUM_CONVERSION = YES;
				CLANG_WARN_INFINITE_RECURSION = YES;
				CLANG_WARN_INT_CONVERSION = YES;
				CLANG_WARN_NON_LITERAL_NULL_CONVERSION = YES;
				CLANG_WARN_OBJC_IMPLICIT_RETAIN_SELF = YES;
				CLANG_WARN_OBJC_LITERAL_CONVERSION = YES;
				CLANG_WARN_OBJC_ROOT_CLASS = YES_ERROR;
				CLANG_WARN_QUOTED_INCLUDE_IN_FRAMEWORK_HEADER = YES;
				CLANG_WARN_RANGE_LOOP_ANALYSIS = YES;
				CLANG_WARN_STRICT_PROTOTYPES = YES;
				CLANG_WARN_SUSPICIOUS_MOVE = YES;
				CLANG_WARN_UNGUARDED_AVAILABILITY = YES_AGGRESSIVE;
				CLANG_WARN_UNREACHABLE_CODE = YES;
				CLANG_WARN__DUPLICATE_METHOD_MATCH = YES;
				COPY_PHASE_STRIP = NO;
				DEBUG_INFORMATION_FORMAT = "dwarf-with-dsym";
				ENABLE_NS_ASSERTIONS = NO;
				ENABLE_STRICT_OBJC_MSGSEND = YES;
				GCC_C_LANGUAGE_STANDARD = gnu11;
				GCC_NO_COMMON_BLOCKS = YES;
				GCC_WARN_64_TO_32_BIT_CONVERSION = YES;
				GCC_WARN_ABOUT_RETURN_TYPE = YES_ERROR;
				GCC_WARN_UNDECLARED_SELECTOR = YES;
				GCC_WARN_UNINITIALIZED_AUTOS = YES_AGGRESSIVE;
				GCC_WARN_UNUSED_FUNCTION = YES;
				GCC_WARN_UNUSED_VARIABLE = YES;
				IPHONEOS_DEPLOYMENT_TARGET = 14.0;
				MTL_ENABLE_DEBUG_INFO = NO;
				MTL_FAST_MATH = YES;
				SDKROOT = iphoneos;
				SWIFT_COMPILATION_MODE = wholemodule;
				SWIFT_OPTIMIZATION_LEVEL = "-O";
				VALIDATE_PRODUCT = YES;
			};
			name = Release;
		};
		D99136A325D8312400D92481 /* Debug */ = {
			isa = XCBuildConfiguration;
			buildSettings = {
				ASSETCATALOG_COMPILER_APPICON_NAME = AppIcon;
				ASSETCATALOG_COMPILER_GLOBAL_ACCENT_COLOR_NAME = AccentColor;
				CODE_SIGN_STYLE = Automatic;
				INFOPLIST_FILE = BigCat/Info.plist;
				LD_RUNPATH_SEARCH_PATHS = (
					"$(inherited)",
					"@executable_path/Frameworks",
				);
				PRODUCT_BUNDLE_IDENTIFIER = pus.BigCat;
				PRODUCT_NAME = "$(TARGET_NAME)";
				SWIFT_VERSION = 5.0;
				TARGETED_DEVICE_FAMILY = "1,2";
			};
			name = Debug;
		};
		D99136A425D8312400D92481 /* Release */ = {
			isa = XCBuildConfiguration;
			buildSettings = {
				ASSETCATALOG_COMPILER_APPICON_NAME = AppIcon;
				ASSETCATALOG_COMPILER_GLOBAL_ACCENT_COLOR_NAME = AccentColor;
				CODE_SIGN_STYLE = Automatic;
				INFOPLIST_FILE = BigCat/Info.plist;
				LD_RUNPATH_SEARCH_PATHS = (
					"$(inherited)",
					"@executable_path/Frameworks",
				);
				PRODUCT_BUNDLE_IDENTIFIER = pus.BigCat;
				PRODUCT_NAME = "$(TARGET_NAME)";
				SWIFT_VERSION = 5.0;
				TARGETED_DEVICE_FAMILY = "1,2";
			};
			name = Release;
		};
		D99136A625D8312400D92481 /* Debug */ = {
			isa = XCBuildConfiguration;
			buildSettings = {
				ALWAYS_EMBED_SWIFT_STANDARD_LIBRARIES = YES;
				BUNDLE_LOADER = "$(TEST_HOST)";
				CODE_SIGN_STYLE = Automatic;
				INFOPLIST_FILE = BigCatTests/Info.plist;
				IPHONEOS_DEPLOYMENT_TARGET = 14.0;
				LD_RUNPATH_SEARCH_PATHS = (
					"$(inherited)",
					"@executable_path/Frameworks",
					"@loader_path/Frameworks",
				);
				PRODUCT_BUNDLE_IDENTIFIER = pus.BigCatTests;
				PRODUCT_NAME = "$(TARGET_NAME)";
				SWIFT_VERSION = 5.0;
				TARGETED_DEVICE_FAMILY = "1,2";
				TEST_HOST = "$(BUILT_PRODUCTS_DIR)/BigCat.app/BigCat";
			};
			name = Debug;
		};
		D99136A725D8312400D92481 /* Release */ = {
			isa = XCBuildConfiguration;
			buildSettings = {
				ALWAYS_EMBED_SWIFT_STANDARD_LIBRARIES = YES;
				BUNDLE_LOADER = "$(TEST_HOST)";
				CODE_SIGN_STYLE = Automatic;
				INFOPLIST_FILE = BigCatTests/Info.plist;
				IPHONEOS_DEPLOYMENT_TARGET = 14.0;
				LD_RUNPATH_SEARCH_PATHS = (
					"$(inherited)",
					"@executable_path/Frameworks",
					"@loader_path/Frameworks",
				);
				PRODUCT_BUNDLE_IDENTIFIER = pus.BigCatTests;
				PRODUCT_NAME = "$(TARGET_NAME)";
				SWIFT_VERSION = 5.0;
				TARGETED_DEVICE_FAMILY = "1,2";
				TEST_HOST = "$(BUILT_PRODUCTS_DIR)/BigCat.app/BigCat";
			};
			name = Release;
		};
		D99136A925D8312400D92481 /* Debug */ = {
			isa = XCBuildConfiguration;
			buildSettings = {
				ALWAYS_EMBED_SWIFT_STANDARD_LIBRARIES = YES;
				CODE_SIGN_STYLE = Automatic;
				INFOPLIST_FILE = BigCatUITests/Info.plist;
				LD_RUNPATH_SEARCH_PATHS = (
					"$(inherited)",
					"@executable_path/Frameworks",
					"@loader_path/Frameworks",
				);
				PRODUCT_BUNDLE_IDENTIFIER = pus.BigCatUITests;
				PRODUCT_NAME = "$(TARGET_NAME)";
				SWIFT_VERSION = 5.0;
				TARGETED_DEVICE_FAMILY = "1,2";
				TEST_TARGET_NAME = BigCat;
			};
			name = Debug;
		};
		D99136AA25D8312400D92481 /* Release */ = {
			isa = XCBuildConfiguration;
			buildSettings = {
				ALWAYS_EMBED_SWIFT_STANDARD_LIBRARIES = YES;
				CODE_SIGN_STYLE = Automatic;
				INFOPLIST_FILE = BigCatUITests/Info.plist;
				LD_RUNPATH_SEARCH_PATHS = (
					"$(inherited)",
					"@executable_path/Frameworks",
					"@loader_path/Frameworks",
				);
				PRODUCT_BUNDLE_IDENTIFIER = pus.BigCatUITests;
				PRODUCT_NAME = "$(TARGET_NAME)";
				SWIFT_VERSION = 5.0;
				TARGETED_DEVICE_FAMILY = "1,2";
				TEST_TARGET_NAME = BigCat;
			};
			name = Release;
		};
/* End XCBuildConfiguration section */

/* Begin XCConfigurationList section */
		D991367325D8311E00D92481 /* Build configuration list for PBXProject "BigCat" */ = {
			isa = XCConfigurationList;
			buildConfigurations = (
				D99136A025D8312400D92481 /* Debug */,
				D99136A125D8312400D92481 /* Release */,
			);
			defaultConfigurationIsVisible = 0;
			defaultConfigurationName = Release;
		};
		D99136A225D8312400D92481 /* Build configuration list for PBXNativeTarget "BigCat" */ = {
			isa = XCConfigurationList;
			buildConfigurations = (
				D99136A325D8312400D92481 /* Debug */,
				D99136A425D8312400D92481 /* Release */,
			);
			defaultConfigurationIsVisible = 0;
			defaultConfigurationName = Release;
		};
		D99136A525D8312400D92481 /* Build configuration list for PBXNativeTarget "BigCatTests" */ = {
			isa = XCConfigurationList;
			buildConfigurations = (
				D99136A625D8312400D92481 /* Debug */,
				D99136A725D8312400D92481 /* Release */,
			);
			defaultConfigurationIsVisible = 0;
			defaultConfigurationName = Release;
		};
		D99136A825D8312400D92481 /* Build configuration list for PBXNativeTarget "BigCatUITests" */ = {
			isa = XCConfigurationList;
			buildConfigurations = (
				D99136A925D8312400D92481 /* Debug */,
				D99136AA25D8312400D92481 /* Release */,
			);
			defaultConfigurationIsVisible = 0;
			defaultConfigurationName = Release;
		};
/* End XCConfigurationList section */
	};
	rootObject = D991367025D8311E00D92481 /* Project object */;
}
